
Microsoft Visual Studio Solution File, Format Version 12.00
# Visual Studio Version 16
VisualStudioVersion = 16.0.30114.105
MinimumVisualStudioVersion = 10.0.40219.1
Project("{FAE04EC0-301F-11D3-BF4B-00C04F79EFBC}") = "StarterDecks", "StarterDecks\StarterDecks.csproj", "{61652031-BFB6-4864-BD63-AB98E9E79D0F}"
EndProject
Project("{FAE04EC0-301F-11D3-BF4B-00C04F79EFBC}") = "Core", "Core\Core.csproj", "{B9EB9ECF-1187-4C99-A59D-21CD661065C0}"
EndProject
Project("{FAE04EC0-301F-11D3-BF4B-00C04F79EFBC}") = "DifficultyMod", "DifficultyModder\DifficultyMod.csproj", "{61A107AD-4F65-4B15-8E1B-7C94C14D600C}"
EndProject
Project("{FAE04EC0-301F-11D3-BF4B-00C04F79EFBC}") = "SideDecks", "SideDecks\SideDecks.csproj", "{E95D646C-71E8-4BCA-8501-3CAC54AD1E91}"
EndProject
Project("{FAE04EC0-301F-11D3-BF4B-00C04F79EFBC}") = "Spells", "Spells\Spells.csproj", "{A3E5DBDB-3FC8-46D8-9D11-AA6BEE48A19F}"
EndProject
Project("{FAE04EC0-301F-11D3-BF4B-00C04F79EFBC}") = "StackableSigils", "StackableSigils\StackableSigils.csproj", "{5A6B7EF5-0E80-4171-88A8-F60169611451}"
EndProject
Global
	GlobalSection(SolutionConfigurationPlatforms) = preSolution
		Debug|Any CPU = Debug|Any CPU
		Release|Any CPU = Release|Any CPU
	EndGlobalSection
	GlobalSection(SolutionProperties) = preSolution
		HideSolutionNode = FALSE
	EndGlobalSection
	GlobalSection(ProjectConfigurationPlatforms) = postSolution
		{61652031-BFB6-4864-BD63-AB98E9E79D0F}.Debug|Any CPU.ActiveCfg = Debug|Any CPU
		{61652031-BFB6-4864-BD63-AB98E9E79D0F}.Debug|Any CPU.Build.0 = Debug|Any CPU
		{61652031-BFB6-4864-BD63-AB98E9E79D0F}.Release|Any CPU.ActiveCfg = Release|Any CPU
		{61652031-BFB6-4864-BD63-AB98E9E79D0F}.Release|Any CPU.Build.0 = Release|Any CPU
		{B9EB9ECF-1187-4C99-A59D-21CD661065C0}.Debug|Any CPU.ActiveCfg = Debug|Any CPU
		{B9EB9ECF-1187-4C99-A59D-21CD661065C0}.Debug|Any CPU.Build.0 = Debug|Any CPU
		{B9EB9ECF-1187-4C99-A59D-21CD661065C0}.Release|Any CPU.ActiveCfg = Release|Any CPU
		{B9EB9ECF-1187-4C99-A59D-21CD661065C0}.Release|Any CPU.Build.0 = Release|Any CPU
		{61A107AD-4F65-4B15-8E1B-7C94C14D600C}.Debug|Any CPU.ActiveCfg = Debug|Any CPU
		{61A107AD-4F65-4B15-8E1B-7C94C14D600C}.Debug|Any CPU.Build.0 = Debug|Any CPU
		{61A107AD-4F65-4B15-8E1B-7C94C14D600C}.Release|Any CPU.ActiveCfg = Release|Any CPU
		{61A107AD-4F65-4B15-8E1B-7C94C14D600C}.Release|Any CPU.Build.0 = Release|Any CPU
		{E95D646C-71E8-4BCA-8501-3CAC54AD1E91}.Debug|Any CPU.ActiveCfg = Debug|Any CPU
		{E95D646C-71E8-4BCA-8501-3CAC54AD1E91}.Debug|Any CPU.Build.0 = Debug|Any CPU
		{E95D646C-71E8-4BCA-8501-3CAC54AD1E91}.Release|Any CPU.ActiveCfg = Release|Any CPU
		{E95D646C-71E8-4BCA-8501-3CAC54AD1E91}.Release|Any CPU.Build.0 = Release|Any CPU
		{A3E5DBDB-3FC8-46D8-9D11-AA6BEE48A19F}.Debug|Any CPU.ActiveCfg = Debug|Any CPU
		{A3E5DBDB-3FC8-46D8-9D11-AA6BEE48A19F}.Debug|Any CPU.Build.0 = Debug|Any CPU
		{A3E5DBDB-3FC8-46D8-9D11-AA6BEE48A19F}.Release|Any CPU.ActiveCfg = Release|Any CPU
		{A3E5DBDB-3FC8-46D8-9D11-AA6BEE48A19F}.Release|Any CPU.Build.0 = Release|Any CPU
		{5A6B7EF5-0E80-4171-88A8-F60169611451}.Debug|Any CPU.ActiveCfg = Debug|Any CPU
		{5A6B7EF5-0E80-4171-88A8-F60169611451}.Debug|Any CPU.Build.0 = Debug|Any CPU
		{5A6B7EF5-0E80-4171-88A8-F60169611451}.Release|Any CPU.ActiveCfg = Release|Any CPU
		{5A6B7EF5-0E80-4171-88A8-F60169611451}.Release|Any CPU.Build.0 = Release|Any CPU
	EndGlobalSection
EndGlobal
